
Microsoft Visual Studio Solution File, Format Version 12.00
# Visual Studio Version 17
VisualStudioVersion = 17.14.35821.62
MinimumVisualStudioVersion = 10.0.40219.1
Project("{FAE04EC0-301F-11D3-BF4B-00C04F79EFBC}") = "InternalDLL", "InternalDLL\InternalDLL.csproj", "{206903BD-05AB-4334-B4AC-5614CEB4E422}"
EndProject
Project("{FAE04EC0-301F-11D3-BF4B-00C04F79EFBC}") = "ManagmentUI", "ManagmentUI\ManagmentUI.csproj", "{B4AA573E-252F-4CD4-814C-965516D992DF}"
EndProject
Project("{2150E333-8FDC-42A3-9474-1A3956D46DE8}") = "PPGMod", "PPGMod", "{02EA681E-C7D8-13C7-8484-4AC65E1B71E8}"
	ProjectSection(SolutionItems) = preProject
		main.cs = main.cs
	EndProjectSection
EndProject
Global
	GlobalSection(SolutionConfigurationPlatforms) = preSolution
		Debug|Any CPU = Debug|Any CPU
		Release|Any CPU = Release|Any CPU
	EndGlobalSection
	GlobalSection(ProjectConfigurationPlatforms) = postSolution
		{206903BD-05AB-4334-B4AC-5614CEB4E422}.Debug|Any CPU.ActiveCfg = Debug|Any CPU
		{206903BD-05AB-4334-B4AC-5614CEB4E422}.Debug|Any CPU.Build.0 = Debug|Any CPU
		{206903BD-05AB-4334-B4AC-5614CEB4E422}.Release|Any CPU.ActiveCfg = Release|Any CPU
		{206903BD-05AB-4334-B4AC-5614CEB4E422}.Release|Any CPU.Build.0 = Release|Any CPU
		{B4AA573E-252F-4CD4-814C-965516D992DF}.Debug|Any CPU.ActiveCfg = Debug|Any CPU
		{B4AA573E-252F-4CD4-814C-965516D992DF}.Debug|Any CPU.Build.0 = Debug|Any CPU
		{B4AA573E-252F-4CD4-814C-965516D992DF}.Release|Any CPU.ActiveCfg = Release|Any CPU
		{B4AA573E-252F-4CD4-814C-965516D992DF}.Release|Any CPU.Build.0 = Release|Any CPU
	EndGlobalSection
	GlobalSection(SolutionProperties) = preSolution
		HideSolutionNode = FALSE
	EndGlobalSection
	GlobalSection(ExtensibilityGlobals) = postSolution
		SolutionGuid = {CFAED80E-DC61-4AD0-ACBD-C90A49708872}
	EndGlobalSection
EndGlobal
